
Microsoft Visual Studio Solution File, Format Version 12.00
# Visual Studio 15
VisualStudioVersion = 15.0.28307.489
MinimumVisualStudioVersion = 10.0.40219.1
Project("{FAE04EC0-301F-11D3-BF4B-00C04F79EFBC}") = "ЛоггированиеПорта80", "ЛоггированиеПорта80\ЛоггированиеПорта80.csproj", "{5DEBF620-F5B3-434D-AC28-7A70321B0572}"
EndProject
Global
	GlobalSection(SolutionConfigurationPlatforms) = preSolution
		Debug|Any CPU = Debug|Any CPU
		Release|Any CPU = Release|Any CPU
	EndGlobalSection
	GlobalSection(ProjectConfigurationPlatforms) = postSolution
		{5DEBF620-F5B3-434D-AC28-7A70321B0572}.Debug|Any CPU.ActiveCfg = Debug|Any CPU
		{5DEBF620-F5B3-434D-AC28-7A70321B0572}.Debug|Any CPU.Build.0 = Debug|Any CPU
		{5DEBF620-F5B3-434D-AC28-7A70321B0572}.Release|Any CPU.ActiveCfg = Release|Any CPU
		{5DEBF620-F5B3-434D-AC28-7A70321B0572}.Release|Any CPU.Build.0 = Release|Any CPU
	EndGlobalSection
	GlobalSection(SolutionProperties) = preSolution
		HideSolutionNode = FALSE
	EndGlobalSection
	GlobalSection(ExtensibilityGlobals) = postSolution
		SolutionGuid = {D7F95C90-13DF-43A9-8FC9-8309CAAB31D1}
	EndGlobalSection
EndGlobal
